{
  "version": 4,
  "terraform_version": "1.4.2",
  "serial": 31,
  "lineage": "4569402a-a41f-8c05-ae1d-71e0a17caf15",
  "outputs": {},
  "resources": [
    {
      "mode": "data",
      "type": "azurerm_resource_group",
      "name": "demorg",
      "provider": "provider[\"registry.terraform.io/hashicorp/azurerm\"]",
      "instances": [
        {
          "schema_version": 0,
          "attributes": {
            "id": "/subscriptions/89cb6ba0-77f9-4d5e-a977-850b46673eed/resourceGroups/gulager_demo_rg",
            "location": "northeurope",
            "name": "gulager_demo_rg",
            "tags": {},
            "timeouts": null
          },
          "sensitive_attributes": []
        }
      ]
    },
    {
      "mode": "managed",
      "type": "azurerm_service_plan",
      "name": "demowebwinsp",
      "provider": "provider[\"registry.terraform.io/hashicorp/azurerm\"]",
      "instances": [
        {
          "schema_version": 0,
          "attributes": {
            "app_service_environment_id": "",
            "id": "/subscriptions/89cb6ba0-77f9-4d5e-a977-850b46673eed/resourceGroups/gulager_demo_rg/providers/Microsoft.Web/serverfarms/demowebwinsp",
            "kind": "app",
            "location": "northeurope",
            "maximum_elastic_worker_count": 1,
            "name": "demowebwinsp",
            "os_type": "Windows",
            "per_site_scaling_enabled": false,
            "reserved": false,
            "resource_group_name": "gulager_demo_rg",
            "sku_name": "S1",
            "tags": null,
            "timeouts": null,
            "worker_count": 1,
            "zone_balancing_enabled": false
          },
          "sensitive_attributes": [],
          "private": "eyJlMmJmYjczMC1lY2FhLTExZTYtOGY4OC0zNDM2M2JjN2M0YzAiOnsiY3JlYXRlIjozNjAwMDAwMDAwMDAwLCJkZWxldGUiOjM2MDAwMDAwMDAwMDAsInJlYWQiOjMwMDAwMDAwMDAwMCwidXBkYXRlIjozNjAwMDAwMDAwMDAwfX0=",
          "dependencies": [
            "data.azurerm_resource_group.demorg"
          ]
        }
      ]
    },
    {
      "mode": "managed",
      "type": "azurerm_source_control_token",
      "name": "githubtoken",
      "provider": "provider[\"registry.terraform.io/hashicorp/azurerm\"]",
      "instances": []
    },
    {
      "mode": "managed",
      "type": "azurerm_windows_web_app",
      "name": "demowebsite",
      "provider": "provider[\"registry.terraform.io/hashicorp/azurerm\"]",
      "instances": [
        {
          "schema_version": 0,
          "attributes": {
            "app_settings": null,
            "auth_settings": [],
            "auth_settings_v2": [],
            "backup": [],
            "client_affinity_enabled": false,
            "client_certificate_enabled": false,
            "client_certificate_exclusion_paths": "",
            "client_certificate_mode": "Required",
            "connection_string": [],
            "custom_domain_verification_id": "4A0AF747275E90A11FE1549781EBD43190A90D156FCACCAAFB7860BA1656EF2B",
            "default_hostname": "komplexdemowebsite.azurewebsites.net",
            "enabled": true,
            "https_only": true,
            "id": "/subscriptions/89cb6ba0-77f9-4d5e-a977-850b46673eed/resourceGroups/gulager_demo_rg/providers/Microsoft.Web/sites/komplexdemowebsite",
            "identity": [],
            "key_vault_reference_identity_id": "SystemAssigned",
            "kind": "app",
            "location": "northeurope",
            "logs": [],
            "name": "komplexdemowebsite",
            "outbound_ip_address_list": [
              "20.105.24.131",
              "20.105.24.157",
              "20.105.24.160",
              "20.105.24.175",
              "20.105.24.177",
              "20.105.24.229",
              "20.166.219.224",
              "20.166.220.0",
              "20.166.220.27",
              "20.166.220.45",
              "20.166.220.52",
              "20.166.220.55",
              "20.107.224.31"
            ],
            "outbound_ip_addresses": "20.105.24.131,20.105.24.157,20.105.24.160,20.105.24.175,20.105.24.177,20.105.24.229,20.166.219.224,20.166.220.0,20.166.220.27,20.166.220.45,20.166.220.52,20.166.220.55,20.107.224.31",
            "possible_outbound_ip_address_list": [
              "20.105.24.131",
              "20.105.24.157",
              "20.105.24.160",
              "20.105.24.175",
              "20.105.24.177",
              "20.105.24.229",
              "20.166.219.224",
              "20.166.220.0",
              "20.166.220.27",
              "20.166.220.45",
              "20.166.220.52",
              "20.166.220.55",
              "20.105.24.180",
              "20.105.25.24",
              "20.105.24.44",
              "20.105.25.27",
              "20.105.25.80",
              "20.105.25.109",
              "20.105.25.191",
              "20.105.25.217",
              "20.105.26.34",
              "20.105.26.50",
              "20.105.24.49",
              "20.105.24.107",
              "20.105.26.59",
              "20.105.26.136",
              "20.105.26.182",
              "20.105.26.186",
              "20.105.26.190",
              "20.105.26.200",
              "20.166.219.224",
              "20.166.220.0",
              "20.166.220.27",
              "20.166.220.45",
              "20.166.220.52",
              "20.166.220.55",
              "20.105.26.216",
              "20.105.26.223",
              "20.105.27.14",
              "20.105.27.65",
              "20.105.27.71",
              "20.105.27.178",
              "20.107.224.31"
            ],
            "possible_outbound_ip_addresses": "20.105.24.131,20.105.24.157,20.105.24.160,20.105.24.175,20.105.24.177,20.105.24.229,20.166.219.224,20.166.220.0,20.166.220.27,20.166.220.45,20.166.220.52,20.166.220.55,20.105.24.180,20.105.25.24,20.105.24.44,20.105.25.27,20.105.25.80,20.105.25.109,20.105.25.191,20.105.25.217,20.105.26.34,20.105.26.50,20.105.24.49,20.105.24.107,20.105.26.59,20.105.26.136,20.105.26.182,20.105.26.186,20.105.26.190,20.105.26.200,20.166.219.224,20.166.220.0,20.166.220.27,20.166.220.45,20.166.220.52,20.166.220.55,20.105.26.216,20.105.26.223,20.105.27.14,20.105.27.65,20.105.27.71,20.105.27.178,20.107.224.31",
            "resource_group_name": "gulager_demo_rg",
            "service_plan_id": "/subscriptions/89cb6ba0-77f9-4d5e-a977-850b46673eed/resourceGroups/gulager_demo_rg/providers/Microsoft.Web/serverfarms/demowebwinsp",
            "site_config": [
              {
                "always_on": true,
                "api_definition_url": "",
                "api_management_api_id": "",
                "app_command_line": "",
                "application_stack": [
                  {
                    "current_stack": "dotnet",
                    "docker_container_name": "",
                    "docker_container_registry": "",
                    "docker_container_tag": "",
                    "dotnet_core_version": "",
                    "dotnet_version": "v6.0",
                    "java_container": "",
                    "java_container_version": "",
                    "java_embedded_server_enabled": false,
                    "java_version": "",
                    "node_version": "",
                    "php_version": "5.6",
                    "python": false,
                    "python_version": "",
                    "tomcat_version": ""
                  }
                ],
                "auto_heal_enabled": false,
                "auto_heal_setting": [],
                "container_registry_managed_identity_client_id": "",
                "container_registry_use_managed_identity": false,
                "cors": [],
                "default_documents": [
                  "Default.htm",
                  "Default.html",
                  "Default.asp",
                  "index.htm",
                  "index.html",
                  "iisstart.htm",
                  "default.aspx",
                  "index.php",
                  "hostingstart.html"
                ],
                "detailed_error_logging_enabled": false,
                "ftps_state": "Disabled",
                "health_check_eviction_time_in_min": 0,
                "health_check_path": "",
                "http2_enabled": false,
                "ip_restriction": [],
                "linux_fx_version": "",
                "load_balancing_mode": "LeastRequests",
                "local_mysql_enabled": false,
                "managed_pipeline_mode": "Integrated",
                "minimum_tls_version": "1.2",
                "remote_debugging_enabled": false,
                "remote_debugging_version": "VS2019",
                "scm_ip_restriction": [],
                "scm_minimum_tls_version": "1.2",
                "scm_type": "None",
                "scm_use_main_ip_restriction": false,
                "use_32_bit_worker": true,
                "virtual_application": [],
                "vnet_route_all_enabled": false,
                "websockets_enabled": false,
                "windows_fx_version": "",
                "worker_count": 1
              }
            ],
            "site_credential": [
              {
                "name": "$komplexdemowebsite",
                "password": "Ys64bgKzQ9MhyAivhDq0Y0dcydkFvdcqY9m6BurlBcfi8dXgMgGwx7T1Crb5"
              }
            ],
            "sticky_settings": [],
            "storage_account": [],
            "tags": null,
            "timeouts": null,
            "virtual_network_subnet_id": "",
            "zip_deploy_file": ""
          },
          "sensitive_attributes": [],
          "private": "eyJlMmJmYjczMC1lY2FhLTExZTYtOGY4OC0zNDM2M2JjN2M0YzAiOnsiY3JlYXRlIjoxODAwMDAwMDAwMDAwLCJkZWxldGUiOjE4MDAwMDAwMDAwMDAsInJlYWQiOjMwMDAwMDAwMDAwMCwidXBkYXRlIjoxODAwMDAwMDAwMDAwfX0=",
          "dependencies": [
            "azurerm_service_plan.demowebwinsp",
            "data.azurerm_resource_group.demorg"
          ]
        }
      ]
    },
    {
      "mode": "managed",
      "type": "azurerm_windows_web_app_slot",
      "name": "demowebsite-lifecycle",
      "provider": "provider[\"registry.terraform.io/hashicorp/azurerm\"]",
      "instances": [
        {
          "index_key": "dev",
          "schema_version": 0,
          "attributes": {
            "app_service_id": "/subscriptions/89cb6ba0-77f9-4d5e-a977-850b46673eed/resourceGroups/gulager_demo_rg/providers/Microsoft.Web/sites/komplexdemowebsite",
            "app_settings": null,
            "auth_settings": [],
            "auth_settings_v2": [],
            "backup": [],
            "client_affinity_enabled": false,
            "client_certificate_enabled": false,
            "client_certificate_exclusion_paths": "",
            "client_certificate_mode": "Required",
            "connection_string": [],
            "custom_domain_verification_id": "4A0AF747275E90A11FE1549781EBD43190A90D156FCACCAAFB7860BA1656EF2B",
            "default_hostname": "komplexdemowebsite-dev.azurewebsites.net",
            "enabled": true,
            "https_only": false,
            "id": "/subscriptions/89cb6ba0-77f9-4d5e-a977-850b46673eed/resourceGroups/gulager_demo_rg/providers/Microsoft.Web/sites/komplexdemowebsite/slots/dev",
            "identity": [],
            "key_vault_reference_identity_id": "SystemAssigned",
            "kind": "app",
            "logs": [],
            "name": "dev",
            "outbound_ip_address_list": [
              "20.105.24.131",
              "20.105.24.157",
              "20.105.24.160",
              "20.105.24.175",
              "20.105.24.177",
              "20.105.24.229",
              "20.166.219.224",
              "20.166.220.0",
              "20.166.220.27",
              "20.166.220.45",
              "20.166.220.52",
              "20.166.220.55",
              "20.107.224.31"
            ],
            "outbound_ip_addresses": "20.105.24.131,20.105.24.157,20.105.24.160,20.105.24.175,20.105.24.177,20.105.24.229,20.166.219.224,20.166.220.0,20.166.220.27,20.166.220.45,20.166.220.52,20.166.220.55,20.107.224.31",
            "possible_outbound_ip_address_list": [
              "20.105.24.131",
              "20.105.24.157",
              "20.105.24.160",
              "20.105.24.175",
              "20.105.24.177",
              "20.105.24.229",
              "20.166.219.224",
              "20.166.220.0",
              "20.166.220.27",
              "20.166.220.45",
              "20.166.220.52",
              "20.166.220.55",
              "20.105.24.180",
              "20.105.25.24",
              "20.105.24.44",
              "20.105.25.27",
              "20.105.25.80",
              "20.105.25.109",
              "20.105.25.191",
              "20.105.25.217",
              "20.105.26.34",
              "20.105.26.50",
              "20.105.24.49",
              "20.105.24.107",
              "20.105.26.59",
              "20.105.26.136",
              "20.105.26.182",
              "20.105.26.186",
              "20.105.26.190",
              "20.105.26.200",
              "20.166.219.224",
              "20.166.220.0",
              "20.166.220.27",
              "20.166.220.45",
              "20.166.220.52",
              "20.166.220.55",
              "20.105.26.216",
              "20.105.26.223",
              "20.105.27.14",
              "20.105.27.65",
              "20.105.27.71",
              "20.105.27.178",
              "20.107.224.31"
            ],
            "possible_outbound_ip_addresses": "20.105.24.131,20.105.24.157,20.105.24.160,20.105.24.175,20.105.24.177,20.105.24.229,20.166.219.224,20.166.220.0,20.166.220.27,20.166.220.45,20.166.220.52,20.166.220.55,20.105.24.180,20.105.25.24,20.105.24.44,20.105.25.27,20.105.25.80,20.105.25.109,20.105.25.191,20.105.25.217,20.105.26.34,20.105.26.50,20.105.24.49,20.105.24.107,20.105.26.59,20.105.26.136,20.105.26.182,20.105.26.186,20.105.26.190,20.105.26.200,20.166.219.224,20.166.220.0,20.166.220.27,20.166.220.45,20.166.220.52,20.166.220.55,20.105.26.216,20.105.26.223,20.105.27.14,20.105.27.65,20.105.27.71,20.105.27.178,20.107.224.31",
            "service_plan_id": "",
            "site_config": [
              {
                "always_on": true,
                "api_definition_url": "",
                "api_management_api_id": "",
                "app_command_line": "",
                "application_stack": [
                  {
                    "current_stack": "",
                    "docker_container_name": "",
                    "docker_container_registry": "",
                    "docker_container_tag": "",
                    "dotnet_core_version": "",
                    "dotnet_version": "v4.0",
                    "java_container": "",
                    "java_container_version": "",
                    "java_embedded_server_enabled": false,
                    "java_version": "",
                    "node_version": "",
                    "php_version": "5.6",
                    "python": false,
                    "python_version": "",
                    "tomcat_version": ""
                  }
                ],
                "auto_heal_enabled": false,
                "auto_heal_setting": [],
                "auto_swap_slot_name": "",
                "container_registry_managed_identity_client_id": "",
                "container_registry_use_managed_identity": false,
                "cors": [],
                "default_documents": [
                  "Default.htm",
                  "Default.html",
                  "Default.asp",
                  "index.htm",
                  "index.html",
                  "iisstart.htm",
                  "default.aspx",
                  "index.php",
                  "hostingstart.html"
                ],
                "detailed_error_logging_enabled": false,
                "ftps_state": "Disabled",
                "health_check_eviction_time_in_min": 0,
                "health_check_path": "",
                "http2_enabled": false,
                "ip_restriction": [],
                "load_balancing_mode": "LeastRequests",
                "local_mysql_enabled": false,
                "managed_pipeline_mode": "Integrated",
                "minimum_tls_version": "1.2",
                "remote_debugging_enabled": false,
                "remote_debugging_version": "",
                "scm_ip_restriction": [],
                "scm_minimum_tls_version": "1.2",
                "scm_type": "None",
                "scm_use_main_ip_restriction": false,
                "use_32_bit_worker": false,
                "virtual_application": [],
                "vnet_route_all_enabled": false,
                "websockets_enabled": false,
                "windows_fx_version": "",
                "worker_count": 1
              }
            ],
            "site_credential": [
              {
                "name": "$komplexdemowebsite__dev",
                "password": "d0ft4TZvdm7sRg5G0eQl0JE5u8bn1bZ05foXka6Pvd1Ps6w1qC1FGb7T60aw"
              }
            ],
            "storage_account": [],
            "tags": null,
            "timeouts": null,
            "virtual_network_subnet_id": "",
            "zip_deploy_file": ""
          },
          "sensitive_attributes": [],
          "private": "eyJlMmJmYjczMC1lY2FhLTExZTYtOGY4OC0zNDM2M2JjN2M0YzAiOnsiY3JlYXRlIjoxODAwMDAwMDAwMDAwLCJkZWxldGUiOjE4MDAwMDAwMDAwMDAsInJlYWQiOjMwMDAwMDAwMDAwMCwidXBkYXRlIjoxODAwMDAwMDAwMDAwfX0=",
          "dependencies": [
            "azurerm_service_plan.demowebwinsp",
            "azurerm_windows_web_app.demowebsite",
            "data.azurerm_resource_group.demorg"
          ]
        },
        {
          "index_key": "preprod",
          "schema_version": 0,
          "attributes": {
            "app_service_id": "/subscriptions/89cb6ba0-77f9-4d5e-a977-850b46673eed/resourceGroups/gulager_demo_rg/providers/Microsoft.Web/sites/komplexdemowebsite",
            "app_settings": null,
            "auth_settings": [],
            "auth_settings_v2": [],
            "backup": [],
            "client_affinity_enabled": false,
            "client_certificate_enabled": false,
            "client_certificate_exclusion_paths": "",
            "client_certificate_mode": "Required",
            "connection_string": [],
            "custom_domain_verification_id": "4A0AF747275E90A11FE1549781EBD43190A90D156FCACCAAFB7860BA1656EF2B",
            "default_hostname": "komplexdemowebsite-preprod.azurewebsites.net",
            "enabled": true,
            "https_only": false,
            "id": "/subscriptions/89cb6ba0-77f9-4d5e-a977-850b46673eed/resourceGroups/gulager_demo_rg/providers/Microsoft.Web/sites/komplexdemowebsite/slots/preprod",
            "identity": [],
            "key_vault_reference_identity_id": "SystemAssigned",
            "kind": "app",
            "logs": [],
            "name": "preprod",
            "outbound_ip_address_list": [
              "20.105.24.131",
              "20.105.24.157",
              "20.105.24.160",
              "20.105.24.175",
              "20.105.24.177",
              "20.105.24.229",
              "20.166.219.224",
              "20.166.220.0",
              "20.166.220.27",
              "20.166.220.45",
              "20.166.220.52",
              "20.166.220.55",
              "20.107.224.31"
            ],
            "outbound_ip_addresses": "20.105.24.131,20.105.24.157,20.105.24.160,20.105.24.175,20.105.24.177,20.105.24.229,20.166.219.224,20.166.220.0,20.166.220.27,20.166.220.45,20.166.220.52,20.166.220.55,20.107.224.31",
            "possible_outbound_ip_address_list": [
              "20.105.24.131",
              "20.105.24.157",
              "20.105.24.160",
              "20.105.24.175",
              "20.105.24.177",
              "20.105.24.229",
              "20.166.219.224",
              "20.166.220.0",
              "20.166.220.27",
              "20.166.220.45",
              "20.166.220.52",
              "20.166.220.55",
              "20.105.24.180",
              "20.105.25.24",
              "20.105.24.44",
              "20.105.25.27",
              "20.105.25.80",
              "20.105.25.109",
              "20.105.25.191",
              "20.105.25.217",
              "20.105.26.34",
              "20.105.26.50",
              "20.105.24.49",
              "20.105.24.107",
              "20.105.26.59",
              "20.105.26.136",
              "20.105.26.182",
              "20.105.26.186",
              "20.105.26.190",
              "20.105.26.200",
              "20.166.219.224",
              "20.166.220.0",
              "20.166.220.27",
              "20.166.220.45",
              "20.166.220.52",
              "20.166.220.55",
              "20.105.26.216",
              "20.105.26.223",
              "20.105.27.14",
              "20.105.27.65",
              "20.105.27.71",
              "20.105.27.178",
              "20.107.224.31"
            ],
            "possible_outbound_ip_addresses": "20.105.24.131,20.105.24.157,20.105.24.160,20.105.24.175,20.105.24.177,20.105.24.229,20.166.219.224,20.166.220.0,20.166.220.27,20.166.220.45,20.166.220.52,20.166.220.55,20.105.24.180,20.105.25.24,20.105.24.44,20.105.25.27,20.105.25.80,20.105.25.109,20.105.25.191,20.105.25.217,20.105.26.34,20.105.26.50,20.105.24.49,20.105.24.107,20.105.26.59,20.105.26.136,20.105.26.182,20.105.26.186,20.105.26.190,20.105.26.200,20.166.219.224,20.166.220.0,20.166.220.27,20.166.220.45,20.166.220.52,20.166.220.55,20.105.26.216,20.105.26.223,20.105.27.14,20.105.27.65,20.105.27.71,20.105.27.178,20.107.224.31",
            "service_plan_id": "",
            "site_config": [
              {
                "always_on": true,
                "api_definition_url": "",
                "api_management_api_id": "",
                "app_command_line": "",
                "application_stack": [
                  {
                    "current_stack": "",
                    "docker_container_name": "",
                    "docker_container_registry": "",
                    "docker_container_tag": "",
                    "dotnet_core_version": "",
                    "dotnet_version": "v4.0",
                    "java_container": "",
                    "java_container_version": "",
                    "java_embedded_server_enabled": false,
                    "java_version": "",
                    "node_version": "",
                    "php_version": "5.6",
                    "python": false,
                    "python_version": "",
                    "tomcat_version": ""
                  }
                ],
                "auto_heal_enabled": false,
                "auto_heal_setting": [],
                "auto_swap_slot_name": "",
                "container_registry_managed_identity_client_id": "",
                "container_registry_use_managed_identity": false,
                "cors": [],
                "default_documents": [
                  "Default.htm",
                  "Default.html",
                  "Default.asp",
                  "index.htm",
                  "index.html",
                  "iisstart.htm",
                  "default.aspx",
                  "index.php",
                  "hostingstart.html"
                ],
                "detailed_error_logging_enabled": false,
                "ftps_state": "Disabled",
                "health_check_eviction_time_in_min": 0,
                "health_check_path": "",
                "http2_enabled": false,
                "ip_restriction": [],
                "load_balancing_mode": "LeastRequests",
                "local_mysql_enabled": false,
                "managed_pipeline_mode": "Integrated",
                "minimum_tls_version": "1.2",
                "remote_debugging_enabled": false,
                "remote_debugging_version": "",
                "scm_ip_restriction": [],
                "scm_minimum_tls_version": "1.2",
                "scm_type": "None",
                "scm_use_main_ip_restriction": false,
                "use_32_bit_worker": false,
                "virtual_application": [],
                "vnet_route_all_enabled": false,
                "websockets_enabled": false,
                "windows_fx_version": "",
                "worker_count": 1
              }
            ],
            "site_credential": [
              {
                "name": "$komplexdemowebsite__preprod",
                "password": "FGhCdKTEjtBy33eqkPfXXbru84Qg0TxasLLiTC4P66oiQ6sbWJRu7cwpdcvm"
              }
            ],
            "storage_account": [],
            "tags": null,
            "timeouts": null,
            "virtual_network_subnet_id": "",
            "zip_deploy_file": ""
          },
          "sensitive_attributes": [],
          "private": "eyJlMmJmYjczMC1lY2FhLTExZTYtOGY4OC0zNDM2M2JjN2M0YzAiOnsiY3JlYXRlIjoxODAwMDAwMDAwMDAwLCJkZWxldGUiOjE4MDAwMDAwMDAwMDAsInJlYWQiOjMwMDAwMDAwMDAwMCwidXBkYXRlIjoxODAwMDAwMDAwMDAwfX0=",
          "dependencies": [
            "azurerm_service_plan.demowebwinsp",
            "azurerm_windows_web_app.demowebsite",
            "data.azurerm_resource_group.demorg"
          ]
        },
        {
          "index_key": "staging",
          "schema_version": 0,
          "attributes": {
            "app_service_id": "/subscriptions/89cb6ba0-77f9-4d5e-a977-850b46673eed/resourceGroups/gulager_demo_rg/providers/Microsoft.Web/sites/komplexdemowebsite",
            "app_settings": null,
            "auth_settings": [],
            "auth_settings_v2": [],
            "backup": [],
            "client_affinity_enabled": false,
            "client_certificate_enabled": false,
            "client_certificate_exclusion_paths": "",
            "client_certificate_mode": "Required",
            "connection_string": [],
            "custom_domain_verification_id": "4A0AF747275E90A11FE1549781EBD43190A90D156FCACCAAFB7860BA1656EF2B",
            "default_hostname": "komplexdemowebsite-staging.azurewebsites.net",
            "enabled": true,
            "https_only": false,
            "id": "/subscriptions/89cb6ba0-77f9-4d5e-a977-850b46673eed/resourceGroups/gulager_demo_rg/providers/Microsoft.Web/sites/komplexdemowebsite/slots/staging",
            "identity": [],
            "key_vault_reference_identity_id": "SystemAssigned",
            "kind": "app",
            "logs": [],
            "name": "staging",
            "outbound_ip_address_list": [
              "20.105.24.131",
              "20.105.24.157",
              "20.105.24.160",
              "20.105.24.175",
              "20.105.24.177",
              "20.105.24.229",
              "20.166.219.224",
              "20.166.220.0",
              "20.166.220.27",
              "20.166.220.45",
              "20.166.220.52",
              "20.166.220.55",
              "20.107.224.31"
            ],
            "outbound_ip_addresses": "20.105.24.131,20.105.24.157,20.105.24.160,20.105.24.175,20.105.24.177,20.105.24.229,20.166.219.224,20.166.220.0,20.166.220.27,20.166.220.45,20.166.220.52,20.166.220.55,20.107.224.31",
            "possible_outbound_ip_address_list": [
              "20.105.24.131",
              "20.105.24.157",
              "20.105.24.160",
              "20.105.24.175",
              "20.105.24.177",
              "20.105.24.229",
              "20.166.219.224",
              "20.166.220.0",
              "20.166.220.27",
              "20.166.220.45",
              "20.166.220.52",
              "20.166.220.55",
              "20.105.24.180",
              "20.105.25.24",
              "20.105.24.44",
              "20.105.25.27",
              "20.105.25.80",
              "20.105.25.109",
              "20.105.25.191",
              "20.105.25.217",
              "20.105.26.34",
              "20.105.26.50",
              "20.105.24.49",
              "20.105.24.107",
              "20.105.26.59",
              "20.105.26.136",
              "20.105.26.182",
              "20.105.26.186",
              "20.105.26.190",
              "20.105.26.200",
              "20.166.219.224",
              "20.166.220.0",
              "20.166.220.27",
              "20.166.220.45",
              "20.166.220.52",
              "20.166.220.55",
              "20.105.26.216",
              "20.105.26.223",
              "20.105.27.14",
              "20.105.27.65",
              "20.105.27.71",
              "20.105.27.178",
              "20.107.224.31"
            ],
            "possible_outbound_ip_addresses": "20.105.24.131,20.105.24.157,20.105.24.160,20.105.24.175,20.105.24.177,20.105.24.229,20.166.219.224,20.166.220.0,20.166.220.27,20.166.220.45,20.166.220.52,20.166.220.55,20.105.24.180,20.105.25.24,20.105.24.44,20.105.25.27,20.105.25.80,20.105.25.109,20.105.25.191,20.105.25.217,20.105.26.34,20.105.26.50,20.105.24.49,20.105.24.107,20.105.26.59,20.105.26.136,20.105.26.182,20.105.26.186,20.105.26.190,20.105.26.200,20.166.219.224,20.166.220.0,20.166.220.27,20.166.220.45,20.166.220.52,20.166.220.55,20.105.26.216,20.105.26.223,20.105.27.14,20.105.27.65,20.105.27.71,20.105.27.178,20.107.224.31",
            "service_plan_id": "",
            "site_config": [
              {
                "always_on": true,
                "api_definition_url": "",
                "api_management_api_id": "",
                "app_command_line": "",
                "application_stack": [
                  {
                    "current_stack": "",
                    "docker_container_name": "",
                    "docker_container_registry": "",
                    "docker_container_tag": "",
                    "dotnet_core_version": "",
                    "dotnet_version": "v4.0",
                    "java_container": "",
                    "java_container_version": "",
                    "java_embedded_server_enabled": false,
                    "java_version": "",
                    "node_version": "",
                    "php_version": "5.6",
                    "python": false,
                    "python_version": "",
                    "tomcat_version": ""
                  }
                ],
                "auto_heal_enabled": false,
                "auto_heal_setting": [],
                "auto_swap_slot_name": "",
                "container_registry_managed_identity_client_id": "",
                "container_registry_use_managed_identity": false,
                "cors": [],
                "default_documents": [
                  "Default.htm",
                  "Default.html",
                  "Default.asp",
                  "index.htm",
                  "index.html",
                  "iisstart.htm",
                  "default.aspx",
                  "index.php",
                  "hostingstart.html"
                ],
                "detailed_error_logging_enabled": false,
                "ftps_state": "Disabled",
                "health_check_eviction_time_in_min": 0,
                "health_check_path": "",
                "http2_enabled": false,
                "ip_restriction": [],
                "load_balancing_mode": "LeastRequests",
                "local_mysql_enabled": false,
                "managed_pipeline_mode": "Integrated",
                "minimum_tls_version": "1.2",
                "remote_debugging_enabled": false,
                "remote_debugging_version": "",
                "scm_ip_restriction": [],
                "scm_minimum_tls_version": "1.2",
                "scm_type": "None",
                "scm_use_main_ip_restriction": false,
                "use_32_bit_worker": false,
                "virtual_application": [],
                "vnet_route_all_enabled": false,
                "websockets_enabled": false,
                "windows_fx_version": "",
                "worker_count": 1
              }
            ],
            "site_credential": [
              {
                "name": "$komplexdemowebsite__staging",
                "password": "T77hQlai6L8SplwxMidlzvCjM55ZzZ4QoWmjNhrN4gQt7axQQ9bseJ0Cvixw"
              }
            ],
            "storage_account": [],
            "tags": null,
            "timeouts": null,
            "virtual_network_subnet_id": "",
            "zip_deploy_file": ""
          },
          "sensitive_attributes": [],
          "private": "eyJlMmJmYjczMC1lY2FhLTExZTYtOGY4OC0zNDM2M2JjN2M0YzAiOnsiY3JlYXRlIjoxODAwMDAwMDAwMDAwLCJkZWxldGUiOjE4MDAwMDAwMDAwMDAsInJlYWQiOjMwMDAwMDAwMDAwMCwidXBkYXRlIjoxODAwMDAwMDAwMDAwfX0=",
          "dependencies": [
            "azurerm_service_plan.demowebwinsp",
            "azurerm_windows_web_app.demowebsite",
            "data.azurerm_resource_group.demorg"
          ]
        }
      ]
    }
  ],
  "check_results": null
}
