{
  "version": 4,
  "terraform_version": "1.4.2",
  "serial": 120,
  "lineage": "66f736df-95d4-42d4-59a7-6bc36cd94616",
  "outputs": {
    "vm_name_and_ip": {
      "value": "VM name: fgd123 Has been given the ip of 20.223.161.146",
      "type": "string"
    }
  },
  "resources": [
    {
      "mode": "data",
      "type": "azurerm_dns_zone",
      "name": "demobasedomain",
      "provider": "provider[\"registry.terraform.io/hashicorp/azurerm\"]",
      "instances": [
        {
          "schema_version": 0,
          "attributes": {
            "id": "/subscriptions/c4b5a84d-2b72-454d-8eb3-a593d20a838a/resourceGroups/gulager_demo_rg/providers/Microsoft.Network/dnsZones/fgds.cloud",
            "max_number_of_record_sets": 10000,
            "name": "fgds.cloud",
            "name_servers": [
              "ns1-06.azure-dns.com.",
              "ns2-06.azure-dns.net.",
              "ns3-06.azure-dns.org.",
              "ns4-06.azure-dns.info."
            ],
            "number_of_record_sets": 3,
            "resource_group_name": "gulager_demo_rg",
            "tags": {},
            "timeouts": null
          },
          "sensitive_attributes": []
        }
      ]
    },
    {
      "mode": "data",
      "type": "azurerm_key_vault",
      "name": "azurekeyvault",
      "provider": "provider[\"registry.terraform.io/hashicorp/azurerm\"]",
      "instances": [
        {
          "schema_version": 0,
          "attributes": {
            "access_policy": [
              {
                "application_id": "",
                "certificate_permissions": [
                  "Backup",
                  "Create",
                  "Delete",
                  "DeleteIssuers",
                  "Get",
                  "GetIssuers",
                  "Import",
                  "List",
                  "ListIssuers",
                  "ManageContacts",
                  "ManageIssuers",
                  "Purge",
                  "Recover",
                  "Restore",
                  "SetIssuers",
                  "Update"
                ],
                "key_permissions": [
                  "Backup",
                  "Create",
                  "Decrypt",
                  "Delete",
                  "Encrypt",
                  "Get",
                  "Import",
                  "List",
                  "Purge",
                  "Recover",
                  "Restore",
                  "Sign",
                  "UnwrapKey",
                  "Update",
                  "Verify",
                  "WrapKey",
                  "Release",
                  "Rotate",
                  "GetRotationPolicy",
                  "SetRotationPolicy"
                ],
                "object_id": "a4acd286-413b-4b4a-8a2c-a70560b358d6",
                "secret_permissions": [
                  "Backup",
                  "Delete",
                  "Get",
                  "List",
                  "Purge",
                  "Recover",
                  "Restore",
                  "Set"
                ],
                "storage_permissions": [],
                "tenant_id": "62444cd9-b5ea-44c5-b4fb-34e32df50fbf"
              }
            ],
            "enable_rbac_authorization": false,
            "enabled_for_deployment": false,
            "enabled_for_disk_encryption": false,
            "enabled_for_template_deployment": false,
            "id": "/subscriptions/c4b5a84d-2b72-454d-8eb3-a593d20a838a/resourceGroups/gulager_demo_rg/providers/Microsoft.KeyVault/vaults/demokeyvaultcebcdd08",
            "location": "northeurope",
            "name": "demokeyvaultcebcdd08",
            "network_acls": [],
            "public_network_access_enabled": true,
            "purge_protection_enabled": false,
            "resource_group_name": "gulager_demo_rg",
            "sku_name": "standard",
            "tags": {},
            "tenant_id": "62444cd9-b5ea-44c5-b4fb-34e32df50fbf",
            "timeouts": null,
            "vault_uri": "https://demokeyvaultcebcdd08.vault.azure.net/"
          },
          "sensitive_attributes": []
        }
      ]
    },
    {
      "mode": "data",
      "type": "azurerm_key_vault_secret",
      "name": "linuxpemkey",
      "provider": "provider[\"registry.terraform.io/hashicorp/azurerm\"]",
      "instances": [
        {
          "schema_version": 0,
          "attributes": {
            "content_type": "",
            "id": "https://demokeyvaultcebcdd08.vault.azure.net/secrets/demoprivatekey/e6ee9453807240648c3f202caef16c1e",
            "key_vault_id": "/subscriptions/c4b5a84d-2b72-454d-8eb3-a593d20a838a/resourceGroups/gulager_demo_rg/providers/Microsoft.KeyVault/vaults/demokeyvaultcebcdd08",
            "name": "demoprivatekey",
            "resource_id": "/subscriptions/c4b5a84d-2b72-454d-8eb3-a593d20a838a/resourceGroups/gulager_demo_rg/providers/Microsoft.KeyVault/vaults/demokeyvaultcebcdd08/secrets/demoprivatekey/versions/e6ee9453807240648c3f202caef16c1e",
            "resource_versionless_id": "/subscriptions/c4b5a84d-2b72-454d-8eb3-a593d20a838a/resourceGroups/gulager_demo_rg/providers/Microsoft.KeyVault/vaults/demokeyvaultcebcdd08/secrets/demoprivatekey",
            "tags": {},
            "timeouts": null,
            "value": "LS0tLS1CRUdJTiBSU0EgUFJJVkFURSBLRVktLS0tLQpNSUlKS1FJQkFBS0NBZ0VBcW96REo0Qm1ySnhpcnplTlp6YnFmeEFsMG4zeVpFUjNWa0toaTl6aFZEV3VPbFN1CnZqQkdYZDNUWHh0LzJJTmdiczJLZ2JFYVVRdDRiVS9lUldDamxhRTBtaGRybGRMbVBOM1NjWlhNOHU2N2swUW0KblJDOHBER3d2WjFCSERSUmF5QzZjRWNRRWZONTJlMENNREo3OGN2RHoxZHhkY2V3MmxEbkI1VDR4SzVoVDdTVgpxNnRwcjMxRkRQMnhoRTJIanlrSXFyNlJIUmZLWG5FVlcwYmVqN0R1SURpb2J6VGxBeEU1ZjZ1L2o1NzhQcjF4CmRHNEFyeW1UK0dVcWJUczhPTUM3VGpUdTNyRHZwdHZ6RlViYUZjQU5sdGFSeld4TG1lekFoclB2RnZ2QmlpajgKNVRVOEZqOXpMb2h6dTZrMEhxR3NndHhLTVdKclNHdlMwR2phNGg2S1dYL0dtRElJRlZZelVBRGdPdFh6ZjVnZwpMUjVkeDhhS2hSbWhON3dTL2IvSjQxUTN6SkhFSkx5ZmsrQjh6MUxEK2JsbGprZzFkSmVvdTRnT3cwRUJSbnNsCmtRSnZiTHROQTI0TXJEY21lWXNQYk96K0JWZzZOTStjM1JCeDJPVFRkTkZ2bE5VVkE0WGF2ZFJqTnFsVXlNbnMKaTVaM2I1MnZBMWtoNXhTbHQrZmhTVGpBYkFjbmI0cUlZdFBESzltNnJqdnBLbDMvNXNYNmo4SnhoMTZFR1Y3TwpFMGIxMkVTdWNmL0xzcURBYURYUG43TmYwY0JxbnRiVFZhRFh6T2NCcGlTQnU1QUs1bjJZcVZOZGFWUEJ1WnFJCi8yd0pDRlNmc3Q0SkRjQTRzcDZwdU5VbXV1Q2lGaVB3RzlZMXNGaUllTGpzN2QyVXlJOTBrMmpiaXI4Q0F3RUEKQVFLQ0FnQVpHaXJITDZEdEd2OXpacXZMVzB2Y2M5WDlTMGhYOWJQUzRHL0NsRG9lR09DUitWRFc4V2dKL05KVgpsMGlUNTVKVC9MQzhNZ0w3bHNLYzVEcUUzNXAwTll2MmVpZjluMUwvOW00NUJhRnF5RFNYa2xwVWw5Z01HcncyCnpHUis4RHhqbGllYXl2clVpWStQd2RDbW8yZVd5VFVDMlkzN2xlNnowMkNOdnlGMllXdzFQUkVpZVZKTzRCTS8KdkQ5YWg4YkNEWG9YRjRGb1ZNNFdaSEtPUXJvVFVDbGNXTHFCMDdrNVlGbWtMdlU5QUZ1RUtJSUFid2h1djZIbAoxNDRORWNEbFlZaXdGQjVzYklKNWZyb2lrWkViem02eG10ZE84dmVWcWtFVUVudklXRG0rU2hZZTdsenZzVnNVCnFFVFFoREVGcVNvcEFKOXk4VmQxQzFtMkR4allIWWoybWVobE0rUjVrbXJTcnY1bXViM25GbU1RZTgxeXNyTjgKeHVtK0hKc2Y2ejFPcXJmR2RvVFhTY1lDR00ydFpRcVgyVCtIeUYrby9ZUFNiaGZVTzArTjFBUWJvQko1aWJCKwp2WEM0WGRvQjQzcXJIdGlaNld3cUF6OU5ZeE1uL1hoRWZZTlRaQnZUSWxnRGprMHhhSXJtZEVvSm4xN0wxK2hBCnlObGZFcVVBei9Pbks4REdYcXZyQ0JRc0J2QVJYRlhHN1J0Nk4yczdoMFpxaFQrS1FSQlZ6RVZ0cUNMQXJaekYKSFViSUZsWGoxZG5wVklYU1cweURKb0I2ck5IZTI2NFV1QUoyVDIvZ24wa0VEUmtNamVVK05SY2Q1K3JCNjVmaApka0o2QTFSMVN0aVMyekVRRE00ckNuVTA1ZHVIVGtjdUZSRkZLcmdZQ1hvaFRtTGhNUUtDQVFFQTR6S3JvV1hrCjJ2Nk11MVlQOStSUUticXIvdW9tREl3ZHRHbkdJUUdjS0QzTGQwSlhQWHNMbytNTmFUNHZxQjA3Q3pQUXFmWXAKT3ZRREFpZ09nT2pFZHBwZG1VazRmWmV5TXV6cmpnL3k5LzJZTXNNWklMeW1maGE4ZkZTR1N6eHRxbWFkcmY1SwoxZmZ3NWxNVmthVGJNN2tJMnN5R3plcVE5M2hoT04vdndyRXZMcFJyRGU1aktkcmVHUE0yVkhoOGN3ZUV2L2ZhCmFTYmxHR1k0dDhFZnlOVmRsWk9yZmVwWllmd0pjUXJWeWlvY0JnMFRsZEpHUXFBNnozSTExaDdWNXIyL2N1KzcKd3l2VEZqMzV0QllXWEIrWkt3N1lRcGZyTGlTVXorZUNLUHVodkV0S3A1N2RmcUc1b0dnUEZHMjhKalJ0TkVaVwpheGJ2N2NtRmZrcXVsUUtDQVFFQXdDdXNUbWFyUTZ3RnkydktoZWM1TER0YU12b1VEUXN3VGJzUGV6eXh3VmQ5CnpoakdHbjZEZ2s1OTl0UlBtcURxQ1QrclJHeXBER3ZSVHF4M3I0K3F2SUJBVUpYUU5RL3pIRTQvVUhuV0FCZUgKd3QyeDNlS05JdWhvZUdjcE4vTjNhM2FicElrWTkzQWJ2NDhrNGIrVjlhQnlnMm9zSVhKTVNyUGhvZDlZN3BiZApNME54YkpZMkdqbmtaLzhkM3YyYlJnYXN4ektycHpVdC9Fd05SVmI2ejArS1AwdmV6TTE2VDZFeENTZ0RGQnN6Cjc3TklSTnFYbmVGY3JWQnRGL0FmV2w1UzYxZU0vanJaQ2Y5MStiSXViSVRGY3YrUkw3QUVUTThxb1pZTDQwbkoKMUhjNTVybTU0R0J3UGhqNCs3dGxlT2tVek9pUUJEYUtncmY4SHdEREF3S0NBUUVBb2lZR3NoRGJyYVFnWW85QQpwRVh4SkdjUzI4TFcxdnVsTTU2T0JmNTFLWTg0eUd1emdiQndsVTIxdzVmYlFWdGpTVko0cU9TRGRveXlIUGJqCnF3TDFQRVJkYXNvRUpEYUF1ckcyUjlTQUxwZHg2VUN1alZ1Mlk2VHNicnVRZ04rbTBRZWRuNUV1YmRrZnQvSXkKSVprTHpMVlJhWDZ3OHdObTVRZW9NNFEzUkxkYUdoOVk3RDluekhabExsOWVOaGtya0prY0dEblhTbGExQ0ozagordGs5U3dOa1lCMWRObWRyMVcrZ2VXb25QTHFpOTNxYnNNQzYzbEFteU9rVkhUVXlxaFJnTDdLRFNmN2NEeks2CkpObmlxV3J2MFBndVJoRFFpMFVXWSs4eFNQaVY3S0c3clRmSGt0bnZkbGp0OGtHREY2MHhCeTd2L0V3SmZxYmwKdkVXbXBRS0NBUUJkVFJiMFhiNnJOWHIrdjgvdFlVME4zNmMwZHR5RFZMcFlFd2s2TVVhd2MxVWVXa0xjbkM0bgpkd3FMYTV0V25PZmtJNmg0cVRVT1ZjNmludlBoSmlTa0xyU0xLNkdTRWJOY085VmJzanVuZ2NVbFpGTzJRZ2Q2Ck9sSjJtc2VWWmJ6R1RTaldJc1lmWkt2a1BwQ09sbUV0aDMveHMvdkhKV0pMSnJqV3ljUzQya0I5WWpKUW9VR1YKVENSTUpiNFFCUnQ5VFVKWDJJOGt1Sm9pRTU2aDJ0QWRGU1l2QXh3aVhXVVVBbFAzZVJpOWkxT1UvbnVKQ29SdwpYL21LSURGSFhRc3I2ZjNpUzNpbCtsWmtGMGJsTzVCMG1hWHY1b3RNRnU2UGlFblBlRFUvWGhVQzlmd0R2SXExCm1MMEdPVU94bk5Od2QrSGtkc2x0Y2ptZnE4cGFGeG1YQW9JQkFRQ2VmcE84aC9aWVJmaXVVWWw0cVR6YUFnbkUKZnljRmVNUDFmR2F5UzRKVjBqU2VYdTREYUFDbmVYNlJCS1NLdnJjWFZwODdNdk1FdE9vTlhhWlpkS1dUb2dDdgpHbzBkNUNUNzdKSXArbjVjNjdWbnplRWlUaFd4cnlFRGJNbCs3WHRva0JxN0FKSnNEUU9ZenJ2ekEycm1kbktuClJ1N2EraXNhR0d0ZmovOCtsQWZUWWRNemZvUjlEWEJkSFVDTXo2akgvZzZNNUhyNFBibTJDN1Vzd3k0QUkvUGkKNG51V3A5SERyaUk2TzRoKzBCNnZ0b0V6NFBQL0cwaExhM0lZc0hiRHRkWnBKYVRYNUY5QS9tckpVV0dZNU9RUgo5c0FNblluYVRKR1Q1eVBZRUVOZFF4RW9RWEdIdEE5YmxzSFJ2dlcxcXRIeGxQcDFJS3U0ai8zdU5JR20KLS0tLS1FTkQgUlNBIFBSSVZBVEUgS0VZLS0tLS0=",
            "version": "e6ee9453807240648c3f202caef16c1e",
            "versionless_id": "https://demokeyvaultcebcdd08.vault.azure.net/secrets/demoprivatekey"
          },
          "sensitive_attributes": []
        }
      ]
    },
    {
      "mode": "data",
      "type": "azurerm_resource_group",
      "name": "demorg",
      "provider": "provider[\"registry.terraform.io/hashicorp/azurerm\"]",
      "instances": [
        {
          "schema_version": 0,
          "attributes": {
            "id": "/subscriptions/c4b5a84d-2b72-454d-8eb3-a593d20a838a/resourceGroups/gulager_demo_rg",
            "location": "northeurope",
            "name": "gulager_demo_rg",
            "tags": {},
            "timeouts": null
          },
          "sensitive_attributes": []
        }
      ]
    },
    {
      "mode": "data",
      "type": "azurerm_ssh_public_key",
      "name": "linuxvm_public_key",
      "provider": "provider[\"registry.terraform.io/hashicorp/azurerm\"]",
      "instances": [
        {
          "schema_version": 0,
          "attributes": {
            "id": "/subscriptions/c4b5a84d-2b72-454d-8eb3-a593d20a838a/resourceGroups/gulager_demo_rg/providers/Microsoft.Compute/sshPublicKeys/demosshpublickey",
            "name": "demosshpublickey",
            "public_key": "ssh-rsa AAAAB3NzaC1yc2EAAAADAQABAAACAQCqjMMngGasnGKvN41nNup/ECXSffJkRHdWQqGL3OFUNa46VK6+MEZd3dNfG3/Yg2BuzYqBsRpRC3htT95FYKOVoTSaF2uV0uY83dJxlczy7ruTRCadELykMbC9nUEcNFFrILpwRxAR83nZ7QIwMnvxy8PPV3F1x7DaUOcHlPjErmFPtJWrq2mvfUUM/bGETYePKQiqvpEdF8pecRVbRt6PsO4gOKhvNOUDETl/q7+Pnvw+vXF0bgCvKZP4ZSptOzw4wLtONO7esO+m2/MVRtoVwA2W1pHNbEuZ7MCGs+8W+8GKKPzlNTwWP3MuiHO7qTQeoayC3EoxYmtIa9LQaNriHopZf8aYMggVVjNQAOA61fN/mCAtHl3HxoqFGaE3vBL9v8njVDfMkcQkvJ+T4HzPUsP5uWWOSDV0l6i7iA7DQQFGeyWRAm9su00DbgysNyZ5iw9s7P4FWDo0z5zdEHHY5NN00W+U1RUDhdq91GM2qVTIyeyLlndvna8DWSHnFKW35+FJOMBsBydviohi08Mr2bquO+kqXf/mxfqPwnGHXoQZXs4TRvXYRK5x/8uyoMBoNc+fs1/RwGqe1tNVoNfM5wGmJIG7kArmfZipU11pU8G5moj/bAkIVJ+y3gkNwDiynqm41Sa64KIWI/Ab1jWwWIh4uOzt3ZTIj3STaNuKvw==",
            "resource_group_name": "gulager_demo_rg",
            "tags": {},
            "timeouts": null
          },
          "sensitive_attributes": []
        }
      ]
    },
    {
      "mode": "data",
      "type": "azurerm_subnet",
      "name": "demosubnet",
      "provider": "provider[\"registry.terraform.io/hashicorp/azurerm\"]",
      "instances": [
        {
          "schema_version": 0,
          "attributes": {
            "address_prefix": "10.0.0.0/24",
            "address_prefixes": [
              "10.0.0.0/24"
            ],
            "enforce_private_link_endpoint_network_policies": false,
            "enforce_private_link_service_network_policies": false,
            "id": "/subscriptions/c4b5a84d-2b72-454d-8eb3-a593d20a838a/resourceGroups/gulager_demo_rg/providers/Microsoft.Network/virtualNetworks/demo-network/subnets/subnet-0",
            "name": "subnet-0",
            "network_security_group_id": "/subscriptions/c4b5a84d-2b72-454d-8eb3-a593d20a838a/resourceGroups/gulager_demo_rg/providers/Microsoft.Network/networkSecurityGroups/demonsg",
            "private_endpoint_network_policies_enabled": true,
            "private_link_service_network_policies_enabled": true,
            "resource_group_name": "gulager_demo_rg",
            "route_table_id": "",
            "service_endpoints": [
              "Microsoft.Storage"
            ],
            "timeouts": null,
            "virtual_network_name": "demo-network"
          },
          "sensitive_attributes": []
        }
      ]
    },
    {
      "mode": "data",
      "type": "azurerm_virtual_network",
      "name": "demonetwork",
      "provider": "provider[\"registry.terraform.io/hashicorp/azurerm\"]",
      "instances": [
        {
          "schema_version": 0,
          "attributes": {
            "address_space": [
              "10.0.0.0/16"
            ],
            "dns_servers": [],
            "guid": "2fbf6f28-d8ae-4f35-9b4b-d9755b73b60a",
            "id": "/subscriptions/c4b5a84d-2b72-454d-8eb3-a593d20a838a/resourceGroups/gulager_demo_rg/providers/Microsoft.Network/virtualNetworks/demo-network",
            "location": "northeurope",
            "name": "demo-network",
            "resource_group_name": "gulager_demo_rg",
            "subnets": [
              "subnet-0",
              "AzureBastionSubnet"
            ],
            "tags": {},
            "timeouts": null,
            "vnet_peerings": {},
            "vnet_peerings_addresses": []
          },
          "sensitive_attributes": []
        }
      ]
    },
    {
      "mode": "data",
      "type": "template_file",
      "name": "cloudinitdata",
      "provider": "provider[\"registry.terraform.io/hashicorp/template\"]",
      "instances": [
        {
          "schema_version": 0,
          "attributes": {
            "filename": null,
            "id": "2dde45d3ac9d1a8a5d90fb7a5ac68fb309e8e5b49564a8df5073f1d6ffad0c28",
            "rendered": "#cloud-config\npackage_upgrade: true\n\npackages:\n  - ansible-core\n  - rhel-system-roles\n\nusers:\n  - name: ansinst\n    gecos: Ansible User\n    groups: users,admin,wheel\n    sudo: ALL=(ALL) NOPASSWD:ALL\n    shell: /bin/bash\n    lock_passwd: true\n    ssh_authorized_keys:\n      - \"ssh-rsa AAAAB3NzaC1yc2EAAAADAQABAAABgQDRCJCQ1UD9QslWDSw5Pwsvba0Wsf1pO4how5BtNaZn0xLZpTq2nqFEJshUkd/zCWF7DWyhmNphQ8c+U+wcmdNVcg2pI1kPxq0VZzBfZ7cDwhjgeLsIvTXvU+HVRtsXh4c5FlUXpRjf/x+a3vqFRvNsRd1DE+5ZqQHbOVbnsStk3PZppaByMg+AZZMx56OUk2pZCgvpCwj6LIixqwuxNKPxmJf45RyOsPUXwCwkq9UD4me5jksTPPkt3oeUWw1ZSSF8F/141moWsGxSnd5NxCbPUWGoRfYcHc865E70nN4WrZkM7RFI/s5mvQtuj8dRL67JUEwvdvEDO0EBz21FV/iOracXd2omlTUSK+wYrWGtiwQwEgr4r5bimxDKy9L8UlaJZ+ONhLTP8ecTHYkaU1C75sLX9ZYd5YtqjiNGsNF+wdW6WrXrQiWeyrGK7ZwbA7lagSxIa7yeqnKDjdkcJvQXCYGLM9AMBKWeJaOpwqZ+dOunMDLd5VZrDCU2lpCSJ1M=\"\n",
            "template": "#cloud-config\npackage_upgrade: true\n\npackages:\n  - ansible-core\n  - rhel-system-roles\n\nusers:\n  - name: ansinst\n    gecos: Ansible User\n    groups: users,admin,wheel\n    sudo: ALL=(ALL) NOPASSWD:ALL\n    shell: /bin/bash\n    lock_passwd: true\n    ssh_authorized_keys:\n      - \"ssh-rsa AAAAB3NzaC1yc2EAAAADAQABAAABgQDRCJCQ1UD9QslWDSw5Pwsvba0Wsf1pO4how5BtNaZn0xLZpTq2nqFEJshUkd/zCWF7DWyhmNphQ8c+U+wcmdNVcg2pI1kPxq0VZzBfZ7cDwhjgeLsIvTXvU+HVRtsXh4c5FlUXpRjf/x+a3vqFRvNsRd1DE+5ZqQHbOVbnsStk3PZppaByMg+AZZMx56OUk2pZCgvpCwj6LIixqwuxNKPxmJf45RyOsPUXwCwkq9UD4me5jksTPPkt3oeUWw1ZSSF8F/141moWsGxSnd5NxCbPUWGoRfYcHc865E70nN4WrZkM7RFI/s5mvQtuj8dRL67JUEwvdvEDO0EBz21FV/iOracXd2omlTUSK+wYrWGtiwQwEgr4r5bimxDKy9L8UlaJZ+ONhLTP8ecTHYkaU1C75sLX9ZYd5YtqjiNGsNF+wdW6WrXrQiWeyrGK7ZwbA7lagSxIa7yeqnKDjdkcJvQXCYGLM9AMBKWeJaOpwqZ+dOunMDLd5VZrDCU2lpCSJ1M=\"\n",
            "vars": null
          },
          "sensitive_attributes": []
        }
      ]
    },
    {
      "mode": "managed",
      "type": "azurerm_dns_a_record",
      "name": "linuxsrvArecord",
      "provider": "provider[\"registry.terraform.io/hashicorp/azurerm\"]",
      "instances": [
        {
          "schema_version": 1,
          "attributes": {
            "fqdn": "fgd123.demo.fgds.cloud.",
            "id": "/subscriptions/c4b5a84d-2b72-454d-8eb3-a593d20a838a/resourceGroups/gulager_demo_rg/providers/Microsoft.Network/dnsZones/demo.fgds.cloud/A/fgd123",
            "name": "fgd123",
            "records": [
              "20.223.161.146"
            ],
            "resource_group_name": "gulager_demo_rg",
            "tags": {},
            "target_resource_id": "",
            "timeouts": null,
            "ttl": 300,
            "zone_name": "demo.fgds.cloud"
          },
          "sensitive_attributes": [],
          "private": "eyJlMmJmYjczMC1lY2FhLTExZTYtOGY4OC0zNDM2M2JjN2M0YzAiOnsiY3JlYXRlIjoxODAwMDAwMDAwMDAwLCJkZWxldGUiOjE4MDAwMDAwMDAwMDAsInJlYWQiOjMwMDAwMDAwMDAwMCwidXBkYXRlIjoxODAwMDAwMDAwMDAwfSwic2NoZW1hX3ZlcnNpb24iOiIxIn0=",
          "dependencies": [
            "azurerm_dns_zone.demosubdomain",
            "azurerm_linux_virtual_machine.linuxvm",
            "azurerm_network_interface.appinterface",
            "azurerm_public_ip.appip",
            "data.azurerm_key_vault.azurekeyvault",
            "data.azurerm_key_vault_secret.linuxpemkey",
            "data.azurerm_resource_group.demorg",
            "data.azurerm_ssh_public_key.linuxvm_public_key",
            "data.azurerm_subnet.demosubnet",
            "data.azurerm_virtual_network.demonetwork",
            "data.template_file.cloudinitdata"
          ]
        }
      ]
    },
    {
      "mode": "managed",
      "type": "azurerm_dns_ns_record",
      "name": "addgluerecord",
      "provider": "provider[\"registry.terraform.io/hashicorp/azurerm\"]",
      "instances": [
        {
          "schema_version": 1,
          "attributes": {
            "fqdn": "demo.fgds.cloud.",
            "id": "/subscriptions/c4b5a84d-2b72-454d-8eb3-a593d20a838a/resourceGroups/gulager_demo_rg/providers/Microsoft.Network/dnsZones/fgds.cloud/NS/demo",
            "name": "demo",
            "records": [
              "ns1-01.azure-dns.com.",
              "ns2-01.azure-dns.net.",
              "ns3-01.azure-dns.org.",
              "ns4-01.azure-dns.info."
            ],
            "resource_group_name": "gulager_demo_rg",
            "tags": {},
            "timeouts": null,
            "ttl": 500,
            "zone_name": "fgds.cloud"
          },
          "sensitive_attributes": [],
          "private": "eyJlMmJmYjczMC1lY2FhLTExZTYtOGY4OC0zNDM2M2JjN2M0YzAiOnsiY3JlYXRlIjoxODAwMDAwMDAwMDAwLCJkZWxldGUiOjE4MDAwMDAwMDAwMDAsInJlYWQiOjMwMDAwMDAwMDAwMCwidXBkYXRlIjoxODAwMDAwMDAwMDAwfSwic2NoZW1hX3ZlcnNpb24iOiIxIn0=",
          "dependencies": [
            "azurerm_dns_zone.demosubdomain",
            "data.azurerm_dns_zone.demobasedomain",
            "data.azurerm_resource_group.demorg"
          ]
        }
      ]
    },
    {
      "mode": "managed",
      "type": "azurerm_dns_zone",
      "name": "demosubdomain",
      "provider": "provider[\"registry.terraform.io/hashicorp/azurerm\"]",
      "instances": [
        {
          "schema_version": 2,
          "attributes": {
            "id": "/subscriptions/c4b5a84d-2b72-454d-8eb3-a593d20a838a/resourceGroups/gulager_demo_rg/providers/Microsoft.Network/dnsZones/demo.fgds.cloud",
            "max_number_of_record_sets": 10000,
            "name": "demo.fgds.cloud",
            "name_servers": [
              "ns1-01.azure-dns.com.",
              "ns2-01.azure-dns.net.",
              "ns3-01.azure-dns.org.",
              "ns4-01.azure-dns.info."
            ],
            "number_of_record_sets": 3,
            "resource_group_name": "gulager_demo_rg",
            "soa_record": [
              {
                "email": "azuredns-hostmaster.microsoft.com",
                "expire_time": 2419200,
                "fqdn": "demo.fgds.cloud.",
                "host_name": "ns1-01.azure-dns.com.",
                "minimum_ttl": 300,
                "refresh_time": 3600,
                "retry_time": 300,
                "serial_number": 1,
                "tags": {},
                "ttl": 3600
              }
            ],
            "tags": {},
            "timeouts": null
          },
          "sensitive_attributes": [],
          "private": "eyJlMmJmYjczMC1lY2FhLTExZTYtOGY4OC0zNDM2M2JjN2M0YzAiOnsiY3JlYXRlIjoxODAwMDAwMDAwMDAwLCJkZWxldGUiOjE4MDAwMDAwMDAwMDAsInJlYWQiOjMwMDAwMDAwMDAwMCwidXBkYXRlIjoxODAwMDAwMDAwMDAwfSwic2NoZW1hX3ZlcnNpb24iOiIyIn0=",
          "dependencies": [
            "data.azurerm_resource_group.demorg"
          ]
        }
      ]
    },
    {
      "mode": "managed",
      "type": "azurerm_linux_virtual_machine",
      "name": "linuxvm",
      "provider": "provider[\"registry.terraform.io/hashicorp/azurerm\"]",
      "instances": [
        {
          "schema_version": 0,
          "attributes": {
            "additional_capabilities": [],
            "admin_password": null,
            "admin_ssh_key": [
              {
                "public_key": "ssh-rsa AAAAB3NzaC1yc2EAAAADAQABAAACAQCqjMMngGasnGKvN41nNup/ECXSffJkRHdWQqGL3OFUNa46VK6+MEZd3dNfG3/Yg2BuzYqBsRpRC3htT95FYKOVoTSaF2uV0uY83dJxlczy7ruTRCadELykMbC9nUEcNFFrILpwRxAR83nZ7QIwMnvxy8PPV3F1x7DaUOcHlPjErmFPtJWrq2mvfUUM/bGETYePKQiqvpEdF8pecRVbRt6PsO4gOKhvNOUDETl/q7+Pnvw+vXF0bgCvKZP4ZSptOzw4wLtONO7esO+m2/MVRtoVwA2W1pHNbEuZ7MCGs+8W+8GKKPzlNTwWP3MuiHO7qTQeoayC3EoxYmtIa9LQaNriHopZf8aYMggVVjNQAOA61fN/mCAtHl3HxoqFGaE3vBL9v8njVDfMkcQkvJ+T4HzPUsP5uWWOSDV0l6i7iA7DQQFGeyWRAm9su00DbgysNyZ5iw9s7P4FWDo0z5zdEHHY5NN00W+U1RUDhdq91GM2qVTIyeyLlndvna8DWSHnFKW35+FJOMBsBydviohi08Mr2bquO+kqXf/mxfqPwnGHXoQZXs4TRvXYRK5x/8uyoMBoNc+fs1/RwGqe1tNVoNfM5wGmJIG7kArmfZipU11pU8G5moj/bAkIVJ+y3gkNwDiynqm41Sa64KIWI/Ab1jWwWIh4uOzt3ZTIj3STaNuKvw==",
                "username": "komplex"
              }
            ],
            "admin_username": "komplex",
            "allow_extension_operations": true,
            "availability_set_id": "",
            "boot_diagnostics": [
              {
                "storage_account_uri": ""
              }
            ],
            "capacity_reservation_group_id": "",
            "computer_name": "fgd123",
            "custom_data": "I2Nsb3VkLWNvbmZpZwpwYWNrYWdlX3VwZ3JhZGU6IHRydWUKCnBhY2thZ2VzOgogIC0gYW5zaWJsZS1jb3JlCiAgLSByaGVsLXN5c3RlbS1yb2xlcwoKdXNlcnM6CiAgLSBuYW1lOiBhbnNpbnN0CiAgICBnZWNvczogQW5zaWJsZSBVc2VyCiAgICBncm91cHM6IHVzZXJzLGFkbWluLHdoZWVsCiAgICBzdWRvOiBBTEw9KEFMTCkgTk9QQVNTV0Q6QUxMCiAgICBzaGVsbDogL2Jpbi9iYXNoCiAgICBsb2NrX3Bhc3N3ZDogdHJ1ZQogICAgc3NoX2F1dGhvcml6ZWRfa2V5czoKICAgICAgLSAic3NoLXJzYSBBQUFBQjNOemFDMXljMkVBQUFBREFRQUJBQUFCZ1FEUkNKQ1ExVUQ5UXNsV0RTdzVQd3N2YmEwV3NmMXBPNGhvdzVCdE5hWm4weExacFRxMm5xRkVKc2hVa2QvekNXRjdEV3lobU5waFE4YytVK3djbWROVmNnMnBJMWtQeHEwVlp6QmZaN2NEd2hqZ2VMc0l2VFh2VStIVlJ0c1hoNGM1RmxVWHBSamYveCthM3ZxRlJ2TnNSZDFERSs1WnFRSGJPVmJuc1N0azNQWnBwYUJ5TWcrQVpaTXg1Nk9VazJwWkNndnBDd2o2TElpeHF3dXhOS1B4bUpmNDVSeU9zUFVYd0N3a3E5VUQ0bWU1amtzVFBQa3Qzb2VVV3cxWlNTRjhGLzE0MW1vV3NHeFNuZDVOeENiUFVXR29SZlljSGM4NjVFNzBuTjRXclprTTdSRkkvczVtdlF0dWo4ZFJMNjdKVUV3dmR2RURPMEVCejIxRlYvaU9yYWNYZDJvbWxUVVNLK3dZcldHdGl3UXdFZ3I0cjViaW14REt5OUw4VWxhSlorT05oTFRQOGVjVEhZa2FVMUM3NXNMWDlaWWQ1WXRxamlOR3NORit3ZFc2V3JYclFpV2V5ckdLN1p3YkE3bGFnU3hJYTd5ZXFuS0RqZGtjSnZRWENZR0xNOUFNQktXZUphT3B3cVorZE91bk1ETGQ1VlpyRENVMmxwQ1NKMU09Igo=",
            "dedicated_host_group_id": "",
            "dedicated_host_id": "",
            "disable_password_authentication": true,
            "edge_zone": "",
            "encryption_at_host_enabled": false,
            "eviction_policy": "",
            "extensions_time_budget": "PT1H30M",
            "gallery_application": [],
            "id": "/subscriptions/c4b5a84d-2b72-454d-8eb3-a593d20a838a/resourceGroups/gulager_demo_rg/providers/Microsoft.Compute/virtualMachines/fgd123",
            "identity": [],
            "license_type": "",
            "location": "northeurope",
            "max_bid_price": -1,
            "name": "fgd123",
            "network_interface_ids": [
              "/subscriptions/c4b5a84d-2b72-454d-8eb3-a593d20a838a/resourceGroups/gulager_demo_rg/providers/Microsoft.Network/networkInterfaces/appinterface"
            ],
            "os_disk": [
              {
                "caching": "ReadWrite",
                "diff_disk_settings": [],
                "disk_encryption_set_id": "",
                "disk_size_gb": 100,
                "name": "fgd123_OsDisk_1_92db1aac72404fdab122323ee388cfe4",
                "secure_vm_disk_encryption_set_id": "",
                "security_encryption_type": "",
                "storage_account_type": "Standard_LRS",
                "write_accelerator_enabled": false
              }
            ],
            "patch_assessment_mode": "ImageDefault",
            "patch_mode": "ImageDefault",
            "plan": [],
            "platform_fault_domain": -1,
            "priority": "Regular",
            "private_ip_address": "10.0.0.4",
            "private_ip_addresses": [
              "10.0.0.4"
            ],
            "provision_vm_agent": true,
            "proximity_placement_group_id": "",
            "public_ip_address": "20.223.161.146",
            "public_ip_addresses": [
              "20.223.161.146"
            ],
            "resource_group_name": "gulager_demo_rg",
            "secret": [],
            "secure_boot_enabled": false,
            "size": "Standard_D2s_v3",
            "source_image_id": "",
            "source_image_reference": [
              {
                "offer": "rhel-raw",
                "publisher": "redhat",
                "sku": "86-gen2",
                "version": "latest"
              }
            ],
            "tags": {},
            "termination_notification": [],
            "timeouts": null,
            "user_data": "",
            "virtual_machine_id": "22c5db95-7923-4224-a0a2-78ed5a730a7e",
            "virtual_machine_scale_set_id": "",
            "vtpm_enabled": false,
            "zone": ""
          },
          "sensitive_attributes": [],
          "private": "eyJlMmJmYjczMC1lY2FhLTExZTYtOGY4OC0zNDM2M2JjN2M0YzAiOnsiY3JlYXRlIjoyNzAwMDAwMDAwMDAwLCJkZWxldGUiOjI3MDAwMDAwMDAwMDAsInJlYWQiOjMwMDAwMDAwMDAwMCwidXBkYXRlIjoyNzAwMDAwMDAwMDAwfX0=",
          "dependencies": [
            "azurerm_network_interface.appinterface",
            "azurerm_public_ip.appip",
            "data.azurerm_key_vault.azurekeyvault",
            "data.azurerm_key_vault_secret.linuxpemkey",
            "data.azurerm_resource_group.demorg",
            "data.azurerm_ssh_public_key.linuxvm_public_key",
            "data.azurerm_subnet.demosubnet",
            "data.azurerm_virtual_network.demonetwork",
            "data.template_file.cloudinitdata"
          ]
        }
      ]
    },
    {
      "mode": "managed",
      "type": "azurerm_network_interface",
      "name": "appinterface",
      "provider": "provider[\"registry.terraform.io/hashicorp/azurerm\"]",
      "instances": [
        {
          "schema_version": 0,
          "attributes": {
            "applied_dns_servers": [],
            "dns_servers": [],
            "edge_zone": "",
            "enable_accelerated_networking": false,
            "enable_ip_forwarding": false,
            "id": "/subscriptions/c4b5a84d-2b72-454d-8eb3-a593d20a838a/resourceGroups/gulager_demo_rg/providers/Microsoft.Network/networkInterfaces/appinterface",
            "internal_dns_name_label": "",
            "internal_domain_name_suffix": "fbx14l3o1a0u5g0l1f0vw23wbc.fx.internal.cloudapp.net",
            "ip_configuration": [
              {
                "gateway_load_balancer_frontend_ip_configuration_id": "",
                "name": "internal",
                "primary": true,
                "private_ip_address": "10.0.0.4",
                "private_ip_address_allocation": "Dynamic",
                "private_ip_address_version": "IPv4",
                "public_ip_address_id": "/subscriptions/c4b5a84d-2b72-454d-8eb3-a593d20a838a/resourceGroups/gulager_demo_rg/providers/Microsoft.Network/publicIPAddresses/app-ip",
                "subnet_id": "/subscriptions/c4b5a84d-2b72-454d-8eb3-a593d20a838a/resourceGroups/gulager_demo_rg/providers/Microsoft.Network/virtualNetworks/demo-network/subnets/subnet-0"
              }
            ],
            "location": "northeurope",
            "mac_address": "00-22-48-9C-99-92",
            "name": "appinterface",
            "private_ip_address": "10.0.0.4",
            "private_ip_addresses": [
              "10.0.0.4"
            ],
            "resource_group_name": "gulager_demo_rg",
            "tags": {},
            "timeouts": null,
            "virtual_machine_id": "/subscriptions/c4b5a84d-2b72-454d-8eb3-a593d20a838a/resourceGroups/gulager_demo_rg/providers/Microsoft.Compute/virtualMachines/fgd123"
          },
          "sensitive_attributes": [],
          "private": "eyJlMmJmYjczMC1lY2FhLTExZTYtOGY4OC0zNDM2M2JjN2M0YzAiOnsiY3JlYXRlIjoxODAwMDAwMDAwMDAwLCJkZWxldGUiOjE4MDAwMDAwMDAwMDAsInJlYWQiOjMwMDAwMDAwMDAwMCwidXBkYXRlIjoxODAwMDAwMDAwMDAwfX0=",
          "dependencies": [
            "azurerm_public_ip.appip",
            "data.azurerm_resource_group.demorg",
            "data.azurerm_subnet.demosubnet",
            "data.azurerm_virtual_network.demonetwork"
          ]
        }
      ]
    },
    {
      "mode": "managed",
      "type": "azurerm_public_ip",
      "name": "appip",
      "provider": "provider[\"registry.terraform.io/hashicorp/azurerm\"]",
      "instances": [
        {
          "schema_version": 0,
          "attributes": {
            "allocation_method": "Static",
            "ddos_protection_mode": "VirtualNetworkInherited",
            "ddos_protection_plan_id": null,
            "domain_name_label": "fgd123-demo-fgds-cloud",
            "edge_zone": "",
            "fqdn": "fgd123-demo-fgds-cloud.northeurope.cloudapp.azure.com",
            "id": "/subscriptions/c4b5a84d-2b72-454d-8eb3-a593d20a838a/resourceGroups/gulager_demo_rg/providers/Microsoft.Network/publicIPAddresses/app-ip",
            "idle_timeout_in_minutes": 4,
            "ip_address": "20.223.161.146",
            "ip_tags": {},
            "ip_version": "IPv4",
            "location": "northeurope",
            "name": "app-ip",
            "public_ip_prefix_id": null,
            "resource_group_name": "gulager_demo_rg",
            "reverse_fqdn": "fgd123.demo.fgds.cloud",
            "sku": "Basic",
            "sku_tier": "Regional",
            "tags": {},
            "timeouts": null,
            "zones": []
          },
          "sensitive_attributes": [],
          "private": "eyJlMmJmYjczMC1lY2FhLTExZTYtOGY4OC0zNDM2M2JjN2M0YzAiOnsiY3JlYXRlIjoxODAwMDAwMDAwMDAwLCJkZWxldGUiOjE4MDAwMDAwMDAwMDAsInJlYWQiOjMwMDAwMDAwMDAwMCwidXBkYXRlIjoxODAwMDAwMDAwMDAwfX0=",
          "dependencies": [
            "data.azurerm_resource_group.demorg"
          ]
        }
      ]
    },
    {
      "mode": "managed",
      "type": "local_file",
      "name": "linuxpemkey",
      "provider": "provider[\"registry.terraform.io/hashicorp/local\"]",
      "instances": [
        {
          "schema_version": 0,
          "attributes": {
            "content": "-----BEGIN RSA PRIVATE KEY-----\nMIIJKQIBAAKCAgEAqozDJ4BmrJxirzeNZzbqfxAl0n3yZER3VkKhi9zhVDWuOlSu\nvjBGXd3TXxt/2INgbs2KgbEaUQt4bU/eRWCjlaE0mhdrldLmPN3ScZXM8u67k0Qm\nnRC8pDGwvZ1BHDRRayC6cEcQEfN52e0CMDJ78cvDz1dxdcew2lDnB5T4xK5hT7SV\nq6tpr31FDP2xhE2HjykIqr6RHRfKXnEVW0bej7DuIDiobzTlAxE5f6u/j578Pr1x\ndG4ArymT+GUqbTs8OMC7TjTu3rDvptvzFUbaFcANltaRzWxLmezAhrPvFvvBiij8\n5TU8Fj9zLohzu6k0HqGsgtxKMWJrSGvS0Gja4h6KWX/GmDIIFVYzUADgOtXzf5gg\nLR5dx8aKhRmhN7wS/b/J41Q3zJHEJLyfk+B8z1LD+blljkg1dJeou4gOw0EBRnsl\nkQJvbLtNA24MrDcmeYsPbOz+BVg6NM+c3RBx2OTTdNFvlNUVA4XavdRjNqlUyMns\ni5Z3b52vA1kh5xSlt+fhSTjAbAcnb4qIYtPDK9m6rjvpKl3/5sX6j8Jxh16EGV7O\nE0b12ESucf/LsqDAaDXPn7Nf0cBqntbTVaDXzOcBpiSBu5AK5n2YqVNdaVPBuZqI\n/2wJCFSfst4JDcA4sp6puNUmuuCiFiPwG9Y1sFiIeLjs7d2UyI90k2jbir8CAwEA\nAQKCAgAZGirHL6DtGv9zZqvLW0vcc9X9S0hX9bPS4G/ClDoeGOCR+VDW8WgJ/NJV\nl0iT55JT/LC8MgL7lsKc5DqE35p0NYv2eif9n1L/9m45BaFqyDSXklpUl9gMGrw2\nzGR+8DxjlieayvrUiY+PwdCmo2eWyTUC2Y37le6z02CNvyF2YWw1PREieVJO4BM/\nvD9ah8bCDXoXF4FoVM4WZHKOQroTUClcWLqB07k5YFmkLvU9AFuEKIIAbwhuv6Hl\n144NEcDlYYiwFB5sbIJ5froikZEbzm6xmtdO8veVqkEUEnvIWDm+ShYe7lzvsVsU\nqETQhDEFqSopAJ9y8Vd1C1m2DxjYHYj2mehlM+R5kmrSrv5mub3nFmMQe81ysrN8\nxum+HJsf6z1OqrfGdoTXScYCGM2tZQqX2T+HyF+o/YPSbhfUO0+N1AQboBJ5ibB+\nvXC4XdoB43qrHtiZ6WwqAz9NYxMn/XhEfYNTZBvTIlgDjk0xaIrmdEoJn17L1+hA\nyNlfEqUAz/OnK8DGXqvrCBQsBvARXFXG7Rt6N2s7h0ZqhT+KQRBVzEVtqCLArZzF\nHUbIFlXj1dnpVIXSW0yDJoB6rNHe264UuAJ2T2/gn0kEDRkMjeU+NRcd5+rB65fh\ndkJ6A1R1StiS2zEQDM4rCnU05duHTkcuFRFFKrgYCXohTmLhMQKCAQEA4zKroWXk\n2v6Mu1YP9+RQKbqr/uomDIwdtGnGIQGcKD3Ld0JXPXsLo+MNaT4vqB07CzPQqfYp\nOvQDAigOgOjEdppdmUk4fZeyMuzrjg/y9/2YMsMZILymfha8fFSGSzxtqmadrf5K\n1ffw5lMVkaTbM7kI2syGzeqQ93hhON/vwrEvLpRrDe5jKdreGPM2VHh8cweEv/fa\naSblGGY4t8EfyNVdlZOrfepZYfwJcQrVyiocBg0TldJGQqA6z3I11h7V5r2/cu+7\nwyvTFj35tBYWXB+ZKw7YQpfrLiSUz+eCKPuhvEtKp57dfqG5oGgPFG28JjRtNEZW\naxbv7cmFfkqulQKCAQEAwCusTmarQ6wFy2vKhec5LDtaMvoUDQswTbsPezyxwVd9\nzhjGGn6Dgk599tRPmqDqCT+rRGypDGvRTqx3r4+qvIBAUJXQNQ/zHE4/UHnWABeH\nwt2x3eKNIuhoeGcpN/N3a3abpIkY93Abv48k4b+V9aByg2osIXJMSrPhod9Y7pbd\nM0NxbJY2GjnkZ/8d3v2bRgasxzKrpzUt/EwNRVb6z0+KP0vezM16T6ExCSgDFBsz\n77NIRNqXneFcrVBtF/AfWl5S61eM/jrZCf91+bIubITFcv+RL7AETM8qoZYL40nJ\n1Hc55rm54GBwPhj4+7tleOkUzOiQBDaKgrf8HwDDAwKCAQEAoiYGshDbraQgYo9A\npEXxJGcS28LW1vulM56OBf51KY84yGuzgbBwlU21w5fbQVtjSVJ4qOSDdoyyHPbj\nqwL1PERdasoEJDaAurG2R9SALpdx6UCujVu2Y6TsbruQgN+m0Qedn5Eubdkft/Iy\nIZkLzLVRaX6w8wNm5QeoM4Q3RLdaGh9Y7D9nzHZlLl9eNhkrkJkcGDnXSla1CJ3j\n+tk9SwNkYB1dNmdr1W+geWonPLqi93qbsMC63lAmyOkVHTUyqhRgL7KDSf7cDzK6\nJNniqWrv0PguRhDQi0UWY+8xSPiV7KG7rTfHktnvdljt8kGDF60xBy7v/EwJfqbl\nvEWmpQKCAQBdTRb0Xb6rNXr+v8/tYU0N36c0dtyDVLpYEwk6MUawc1UeWkLcnC4n\ndwqLa5tWnOfkI6h4qTUOVc6invPhJiSkLrSLK6GSEbNcO9VbsjungcUlZFO2Qgd6\nOlJ2mseVZbzGTSjWIsYfZKvkPpCOlmEth3/xs/vHJWJLJrjWycS42kB9YjJQoUGV\nTCRMJb4QBRt9TUJX2I8kuJoiE56h2tAdFSYvAxwiXWUUAlP3eRi9i1OU/nuJCoRw\nX/mKIDFHXQsr6f3iS3il+lZkF0blO5B0maXv5otMFu6PiEnPeDU/XhUC9fwDvIq1\nmL0GOUOxnNNwd+Hkdsltcjmfq8paFxmXAoIBAQCefpO8h/ZYRfiuUYl4qTzaAgnE\nfycFeMP1fGayS4JV0jSeXu4DaACneX6RBKSKvrcXVp87MvMEtOoNXaZZdKWTogCv\nGo0d5CT77JIp+n5c67VnzeEiThWxryEDbMl+7XtokBq7AJJsDQOYzrvzA2rmdnKn\nRu7a+isaGGtfj/8+lAfTYdMzfoR9DXBdHUCMz6jH/g6M5Hr4Pbm2C7Uswy4AI/Pi\n4nuWp9HDriI6O4h+0B6vtoEz4PP/G0hLa3IYsHbDtdZpJaTX5F9A/mrJUWGY5OQR\n9sAMnYnaTJGT5yPYEENdQxEoQXGHtA9blsHRvvW1qtHxlPp1IKu4j/3uNIGm\n-----END RSA PRIVATE KEY-----",
            "content_base64": null,
            "content_base64sha256": "qBb/DyNZPFvyXUFvmcFXSXgXcBUgd1FGu0jl9LlLfOk=",
            "content_base64sha512": "GcWBoYJUlxnrL1o4BuofGy7DwVTXvtaJb13lKTk2SmeeWatkM8QeQYZH/ECEQa0qmemLra+XXg3OmfJFQayYmw==",
            "content_md5": "3a0cf5028fdb85a11bc30735bdd52f72",
            "content_sha1": "900dd1988f8d6250d4bfd5e7995d084b93b3af07",
            "content_sha256": "a816ff0f23593c5bf25d416f99c157497817701520775146bb48e5f4b94b7ce9",
            "content_sha512": "19c581a182549719eb2f5a3806ea1f1b2ec3c154d7bed6896f5de52939364a679e59ab6433c41e418647fc408441ad2a99e98badaf975e0dce99f24541ac989b",
            "directory_permission": "0777",
            "file_permission": "0777",
            "filename": "linuxkey.pem",
            "id": "900dd1988f8d6250d4bfd5e7995d084b93b3af07",
            "sensitive_content": null,
            "source": null
          },
          "sensitive_attributes": [
            [
              {
                "type": "get_attr",
                "value": "content"
              }
            ]
          ],
          "dependencies": [
            "data.azurerm_key_vault.azurekeyvault",
            "data.azurerm_key_vault_secret.linuxpemkey",
            "data.azurerm_resource_group.demorg"
          ]
        }
      ]
    }
  ],
  "check_results": null
}
